# THIS IS AN AUTOGENERATED FILE. DO NOT EDIT THIS FILE DIRECTLY.
# yarn lockfile v1


"@chickenservice/fluidgrid@^0.1.1":
  version "0.1.1"
  resolved "https://registry.yarnpkg.com/@chickenservice/fluidgrid/-/fluidgrid-0.1.1.tgz#7c33c51bbdb63d304f2484c3ab166fcc6b3f12ab"
  integrity sha512-PlscDGNtP1JKx2AitTtr+Dy+d0b4TYVhDEx/AikJXwIjQA4VN+ULVqr/Xih0n9QWmB3Sr8AXu0FJjUU+uiE+Gw==
